
Microsoft Visual Studio Solution File, Format Version 12.00
# Visual Studio Version 16
VisualStudioVersion = 25.0.1705.1
MinimumVisualStudioVersion = 10.0.40219.1
Project("{FAE04EC0-301F-11D3-BF4B-00C04F79EFBC}") = "LeagueProspects", "LeagueProspects\LeagueProspects.csproj", "{CBECF93F-6F02-4048-AFE6-24C1C20FD8F7}"
EndProject
Global
	GlobalSection(SolutionConfigurationPlatforms) = preSolution
		Debug|Any CPU = Debug|Any CPU
		Release|Any CPU = Release|Any CPU
	EndGlobalSection
	GlobalSection(ProjectConfigurationPlatforms) = postSolution
		{CBECF93F-6F02-4048-AFE6-24C1C20FD8F7}.Debug|Any CPU.ActiveCfg = Debug|Any CPU
		{CBECF93F-6F02-4048-AFE6-24C1C20FD8F7}.Debug|Any CPU.Build.0 = Debug|Any CPU
		{CBECF93F-6F02-4048-AFE6-24C1C20FD8F7}.Release|Any CPU.ActiveCfg = Release|Any CPU
		{CBECF93F-6F02-4048-AFE6-24C1C20FD8F7}.Release|Any CPU.Build.0 = Release|Any CPU
	EndGlobalSection
	GlobalSection(SolutionProperties) = preSolution
		HideSolutionNode = FALSE
	EndGlobalSection
	GlobalSection(ExtensibilityGlobals) = postSolution
		SolutionGuid = {02D932C2-C7FD-4FB6-A2D7-F2FB4FFE86D4}
	EndGlobalSection
EndGlobal
